
Microsoft Visual Studio Solution File, Format Version 12.00
# Visual Studio Version 17
VisualStudioVersion = 17.5.002.0
MinimumVisualStudioVersion = 10.0.40219.1
Project("{9A19103F-16F7-4668-BE54-9A1E7A4F7556}") = "day06", "day06.csproj", "{76F43284-F596-4C7E-8B09-6BBACA899986}"
EndProject
Global
	GlobalSection(SolutionConfigurationPlatforms) = preSolution
		Debug|Any CPU = Debug|Any CPU
		Release|Any CPU = Release|Any CPU
	EndGlobalSection
	GlobalSection(ProjectConfigurationPlatforms) = postSolution
		{76F43284-F596-4C7E-8B09-6BBACA899986}.Debug|Any CPU.ActiveCfg = Debug|Any CPU
		{76F43284-F596-4C7E-8B09-6BBACA899986}.Debug|Any CPU.Build.0 = Debug|Any CPU
		{76F43284-F596-4C7E-8B09-6BBACA899986}.Release|Any CPU.ActiveCfg = Release|Any CPU
		{76F43284-F596-4C7E-8B09-6BBACA899986}.Release|Any CPU.Build.0 = Release|Any CPU
	EndGlobalSection
	GlobalSection(SolutionProperties) = preSolution
		HideSolutionNode = FALSE
	EndGlobalSection
	GlobalSection(ExtensibilityGlobals) = postSolution
		SolutionGuid = {062BA98D-591C-4B14-984D-6314B5D017AD}
	EndGlobalSection
EndGlobal
